{
  "version": 4,
  "terraform_version": "1.5.7",
  "serial": 1,
  "lineage": "3d9963dc-2a60-6096-031a-266516be2993",
  "outputs": {},
  "resources": [
    {
      "mode": "managed",
      "type": "local_file",
      "name": "favorite_movie",
      "provider": "provider[\"registry.terraform.io/hashicorp/local\"]",
      "instances": [
        {
          "schema_version": 0,
          "attributes": {
            "content": "Villu",
            "content_base64": null,
            "content_base64sha256": "mn2ZZHvxN3P+w+vACqLGLrA1aOYHbb2nC1Wzt5Fm5oE=",
            "content_base64sha512": "DSRSxeLKyaHXak7mhqJx57WhcKaCNjrQcK1zBBPEkf1CdpEIpQ1bk9AGW18IKjE5ld8XrFzh096lLkErvsqcjA==",
            "content_md5": "a4a6566dad62818771914dc2c638429b",
            "content_sha1": "c40084a5e68890e52f6cb1740b2545bffc3ea154",
            "content_sha256": "9a7d99647bf13773fec3ebc00aa2c62eb03568e6076dbda70b55b3b79166e681",
            "content_sha512": "0d2452c5e2cac9a1d76a4ee686a271e7b5a170a682363ad070ad730413c491fd42769108a50d5b93d0065b5f082a313995df17ac5ce1d3dea52e412bbeca9c8c",
            "directory_permission": "0777",
            "file_permission": "0777",
            "filename": "./favorite_movie.txt",
            "id": "c40084a5e68890e52f6cb1740b2545bffc3ea154",
            "sensitive_content": null,
            "source": null
          },
          "sensitive_attributes": []
        }
      ]
    }
  ],
  "check_results": null
}
